
Microsoft Visual Studio Solution File, Format Version 11.00
# Visual Studio 2010
Project("{8BC9CEB8-8B4A-11D0-8D11-00A0C91BC942}") = "MeshSimp", "MeshSimp.vcxproj", "{25489EF5-A6A8-42C2-B61F-4C876D56200D}"
	ProjectSection(ProjectDependencies) = postProject
		{11652A41-3388-07A1-9702-7BBA8EF3B7B2} = {11652A41-3388-07A1-9702-7BBA8EF3B7B2}
		{71CFDACB-C2D5-88C4-C03C-48AF64172FD4} = {71CFDACB-C2D5-88C4-C03C-48AF64172FD4}
	EndProjectSection
EndProject
Project("{8BC9CEB8-8B4A-11D0-8D11-00A0C91BC942}") = "libgfx", "_DependentLibs\libgfx\vc6\libgfx\libgfx.vcxproj", "{11652A41-3388-07A1-9702-7BBA8EF3B7B2}"
EndProject
Project("{8BC9CEB8-8B4A-11D0-8D11-00A0C91BC942}") = "MixKit", "_DependentLibs\mixkit\MixKit.vcxproj", "{71CFDACB-C2D5-88C4-C03C-48AF64172FD4}"
EndProject
Global
	GlobalSection(SourceCodeControl) = preSolution
		SccNumberOfProjects = 3
		SccLocalPath0 = .
		SccProjectUniqueName1 = MeshSimp.vcxproj
		SccLocalPath1 = .
		SccProjectUniqueName2 = _DependentLibs\\mixkit\\MixKit.vcxproj
		SccProjectName2 = \u0022$/SlimKit.root/SlimKit\u0022,\u0020XADAAAAA
		SccLocalPath2 = _DependentLibs
		SccProjectFilePathRelativizedFromConnection2 = mixkit\\
	EndGlobalSection
	GlobalSection(SolutionConfigurationPlatforms) = preSolution
		Debug|Win32 = Debug|Win32
		Release|Win32 = Release|Win32
		Template|Win32 = Template|Win32
	EndGlobalSection
	GlobalSection(ProjectConfigurationPlatforms) = postSolution
		{25489EF5-A6A8-42C2-B61F-4C876D56200D}.Debug|Win32.ActiveCfg = Debug|Win32
		{25489EF5-A6A8-42C2-B61F-4C876D56200D}.Debug|Win32.Build.0 = Debug|Win32
		{25489EF5-A6A8-42C2-B61F-4C876D56200D}.Release|Win32.ActiveCfg = Release|Win32
		{25489EF5-A6A8-42C2-B61F-4C876D56200D}.Release|Win32.Build.0 = Release|Win32
		{25489EF5-A6A8-42C2-B61F-4C876D56200D}.Template|Win32.ActiveCfg = Template|Win32
		{25489EF5-A6A8-42C2-B61F-4C876D56200D}.Template|Win32.Build.0 = Template|Win32
		{11652A41-3388-07A1-9702-7BBA8EF3B7B2}.Debug|Win32.ActiveCfg = Debug|Win32
		{11652A41-3388-07A1-9702-7BBA8EF3B7B2}.Debug|Win32.Build.0 = Debug|Win32
		{11652A41-3388-07A1-9702-7BBA8EF3B7B2}.Release|Win32.ActiveCfg = Release|Win32
		{11652A41-3388-07A1-9702-7BBA8EF3B7B2}.Release|Win32.Build.0 = Release|Win32
		{11652A41-3388-07A1-9702-7BBA8EF3B7B2}.Template|Win32.ActiveCfg = Release|Win32
		{11652A41-3388-07A1-9702-7BBA8EF3B7B2}.Template|Win32.Build.0 = Release|Win32
		{71CFDACB-C2D5-88C4-C03C-48AF64172FD4}.Debug|Win32.ActiveCfg = Debug|Win32
		{71CFDACB-C2D5-88C4-C03C-48AF64172FD4}.Debug|Win32.Build.0 = Debug|Win32
		{71CFDACB-C2D5-88C4-C03C-48AF64172FD4}.Release|Win32.ActiveCfg = Release|Win32
		{71CFDACB-C2D5-88C4-C03C-48AF64172FD4}.Release|Win32.Build.0 = Release|Win32
		{71CFDACB-C2D5-88C4-C03C-48AF64172FD4}.Template|Win32.ActiveCfg = Release|Win32
		{71CFDACB-C2D5-88C4-C03C-48AF64172FD4}.Template|Win32.Build.0 = Release|Win32
	EndGlobalSection
	GlobalSection(SolutionProperties) = preSolution
		HideSolutionNode = FALSE
	EndGlobalSection
EndGlobal
