<?xml version="1.0" encoding="utf-8"?>
<Project ToolsVersion="4.0" xmlns="http://schemas.microsoft.com/developer/msbuild/2003">
  <ItemGroup>
    <Filter Include="Header Files">
      <UniqueIdentifier>{3d8d1c4f-3828-4c7b-80ce-d2777e83c0e3}</UniqueIdentifier>
      <Extensions>*.h</Extensions>
    </Filter>
  </ItemGroup>
  <ItemGroup>
    <ClInclude Include="..\..\include\gfx\arcball.h">
      <Filter>Header Files</Filter>
    </ClInclude>
    <ClInclude Include="..\..\include\gfx\array.h">
      <Filter>Header Files</Filter>
    </ClInclude>
    <ClInclude Include="..\..\include\gfx\baseball.h">
      <Filter>Header Files</Filter>
    </ClInclude>
    <ClInclude Include="..\..\include\gfx\config-vc.h">
      <Filter>Header Files</Filter>
    </ClInclude>
    <ClInclude Include="..\..\include\gfx\geom3d.h">
      <Filter>Header Files</Filter>
    </ClInclude>
    <ClInclude Include="..\..\include\gfx\gfx.h">
      <Filter>Header Files</Filter>
    </ClInclude>
    <ClInclude Include="..\..\include\gfx\gl.h">
      <Filter>Header Files</Filter>
    </ClInclude>
    <ClInclude Include="..\..\include\gfx\gltools.h">
      <Filter>Header Files</Filter>
    </ClInclude>
    <ClInclude Include="..\..\include\gfx\gui.h">
      <Filter>Header Files</Filter>
    </ClInclude>
    <ClInclude Include="..\..\include\gfx\intvec.h">
      <Filter>Header Files</Filter>
    </ClInclude>
    <ClInclude Include="..\..\include\gfx\mat2.h">
      <Filter>Header Files</Filter>
    </ClInclude>
    <ClInclude Include="..\..\include\gfx\mat3.h">
      <Filter>Header Files</Filter>
    </ClInclude>
    <ClInclude Include="..\..\include\gfx\mat4.h">
      <Filter>Header Files</Filter>
    </ClInclude>
    <ClInclude Include="..\..\include\gfx\quat.h">
      <Filter>Header Files</Filter>
    </ClInclude>
    <ClInclude Include="..\..\include\gfx\raster.h">
      <Filter>Header Files</Filter>
    </ClInclude>
    <ClInclude Include="..\..\include\gfx\script.h">
      <Filter>Header Files</Filter>
    </ClInclude>
    <ClInclude Include="..\..\include\gfx\trackball.h">
      <Filter>Header Files</Filter>
    </ClInclude>
    <ClInclude Include="..\..\include\gfx\vec2.h">
      <Filter>Header Files</Filter>
    </ClInclude>
    <ClInclude Include="..\..\include\gfx\vec3.h">
      <Filter>Header Files</Filter>
    </ClInclude>
    <ClInclude Include="..\..\include\gfx\vec4.h">
      <Filter>Header Files</Filter>
    </ClInclude>
  </ItemGroup>
  <ItemGroup>
    <ClCompile Include="..\..\src\arcball.cxx" />
    <ClCompile Include="..\..\src\baseball.cxx" />
    <ClCompile Include="..\..\src\geom3d.cxx" />
    <ClCompile Include="..\..\src\gltools.cxx" />
    <ClCompile Include="..\..\src\gui.cxx" />
    <ClCompile Include="..\..\src\mat2.cxx" />
    <ClCompile Include="..\..\src\mat3.cxx" />
    <ClCompile Include="..\..\src\mat4.cxx" />
    <ClCompile Include="..\..\src\quat.cxx" />
    <ClCompile Include="..\..\src\raster-jpeg.cxx" />
    <ClCompile Include="..\..\src\raster-png.cxx" />
    <ClCompile Include="..\..\src\raster-pnm.cxx" />
    <ClCompile Include="..\..\src\raster-tiff.cxx" />
    <ClCompile Include="..\..\src\raster.cxx" />
    <ClCompile Include="..\..\src\script.cxx" />
    <ClCompile Include="..\..\src\time.cxx" />
    <ClCompile Include="..\..\src\trackball.cxx" />
  </ItemGroup>
</Project>